
Microsoft Visual Studio Solution File, Format Version 12.00
# Visual Studio Version 17
VisualStudioVersion = 17.4.33205.214
MinimumVisualStudioVersion = 10.0.40219.1
Project("{9A19103F-16F7-4668-BE54-9A1E7A4F7556}") = "Horizon.DataOperation.Framework", "Horizon.DataOperation.Framework\Horizon.DataOperation.Framework.csproj", "{B2742019-C155-47A1-B2EA-A18F91B0709F}"
EndProject
Project("{FAE04EC0-301F-11D3-BF4B-00C04F79EFBC}") = "Horizon.DataOperation.Tests", "Horizon.DataOperation.Tests\Horizon.DataOperation.Tests.csproj", "{186382CB-91F3-4A4A-BC75-8F84E2B9B738}"
EndProject
Global
	GlobalSection(SolutionConfigurationPlatforms) = preSolution
		Debug|Any CPU = Debug|Any CPU
		Release|Any CPU = Release|Any CPU
	EndGlobalSection
	GlobalSection(ProjectConfigurationPlatforms) = postSolution
		{B2742019-C155-47A1-B2EA-A18F91B0709F}.Debug|Any CPU.ActiveCfg = Debug|Any CPU
		{B2742019-C155-47A1-B2EA-A18F91B0709F}.Debug|Any CPU.Build.0 = Debug|Any CPU
		{B2742019-C155-47A1-B2EA-A18F91B0709F}.Release|Any CPU.ActiveCfg = Release|Any CPU
		{B2742019-C155-47A1-B2EA-A18F91B0709F}.Release|Any CPU.Build.0 = Release|Any CPU
		{186382CB-91F3-4A4A-BC75-8F84E2B9B738}.Debug|Any CPU.ActiveCfg = Debug|Any CPU
		{186382CB-91F3-4A4A-BC75-8F84E2B9B738}.Debug|Any CPU.Build.0 = Debug|Any CPU
		{186382CB-91F3-4A4A-BC75-8F84E2B9B738}.Release|Any CPU.ActiveCfg = Release|Any CPU
		{186382CB-91F3-4A4A-BC75-8F84E2B9B738}.Release|Any CPU.Build.0 = Release|Any CPU
	EndGlobalSection
	GlobalSection(SolutionProperties) = preSolution
		HideSolutionNode = FALSE
	EndGlobalSection
	GlobalSection(ExtensibilityGlobals) = postSolution
		SolutionGuid = {0EB9D9D5-26A5-4960-A2BB-6000A1062310}
	EndGlobalSection
EndGlobal
